
Microsoft Visual Studio Solution File, Format Version 12.00
# Visual Studio Version 17
VisualStudioVersion = 17.7.34003.232
MinimumVisualStudioVersion = 10.0.40219.1
Project("{FAE04EC0-301F-11D3-BF4B-00C04F79EFBC}") = "proyecto_solicitudes", "proyecto_solicitudes.csproj", "{D19F9CBA-2FEF-4045-925F-7E62AE0352E2}"
EndProject
Global
	GlobalSection(SolutionConfigurationPlatforms) = preSolution
		Debug|Any CPU = Debug|Any CPU
		Release|Any CPU = Release|Any CPU
	EndGlobalSection
	GlobalSection(ProjectConfigurationPlatforms) = postSolution
		{D19F9CBA-2FEF-4045-925F-7E62AE0352E2}.Debug|Any CPU.ActiveCfg = Debug|Any CPU
		{D19F9CBA-2FEF-4045-925F-7E62AE0352E2}.Debug|Any CPU.Build.0 = Debug|Any CPU
		{D19F9CBA-2FEF-4045-925F-7E62AE0352E2}.Release|Any CPU.ActiveCfg = Release|Any CPU
		{D19F9CBA-2FEF-4045-925F-7E62AE0352E2}.Release|Any CPU.Build.0 = Release|Any CPU
	EndGlobalSection
	GlobalSection(SolutionProperties) = preSolution
		HideSolutionNode = FALSE
	EndGlobalSection
	GlobalSection(ExtensibilityGlobals) = postSolution
		SolutionGuid = {48D63BD6-9134-4630-A702-68EA13458B0B}
	EndGlobalSection
EndGlobal
